
Microsoft Visual Studio Solution File, Format Version 12.00
# Visual Studio 15
VisualStudioVersion = 15.0.26124.0
MinimumVisualStudioVersion = 15.0.26124.0
Project("{FAE04EC0-301F-11D3-BF4B-00C04F79EFBC}") = "Domain", "Domain\Domain.csproj", "{BBD8C595-168F-4948-A0EC-89FCC8C2FDDA}"
EndProject
Project("{FAE04EC0-301F-11D3-BF4B-00C04F79EFBC}") = "API", "API\API.csproj", "{B9F8735C-8F59-4CC1-828B-928B1D6039BA}"
EndProject
Project("{FAE04EC0-301F-11D3-BF4B-00C04F79EFBC}") = "Application", "Application\Application.csproj", "{23054FA8-F9BC-4624-86A9-68AB891C9834}"
EndProject
Project("{FAE04EC0-301F-11D3-BF4B-00C04F79EFBC}") = "Persistence", "Persistence\Persistence.csproj", "{C4F7B0D8-B727-4268-9586-3726FFE96D7A}"
EndProject
Global
	GlobalSection(SolutionConfigurationPlatforms) = preSolution
		Debug|Any CPU = Debug|Any CPU
		Debug|x64 = Debug|x64
		Debug|x86 = Debug|x86
		Release|Any CPU = Release|Any CPU
		Release|x64 = Release|x64
		Release|x86 = Release|x86
	EndGlobalSection
	GlobalSection(SolutionProperties) = preSolution
		HideSolutionNode = FALSE
	EndGlobalSection
	GlobalSection(ProjectConfigurationPlatforms) = postSolution
		{BBD8C595-168F-4948-A0EC-89FCC8C2FDDA}.Debug|Any CPU.ActiveCfg = Debug|Any CPU
		{BBD8C595-168F-4948-A0EC-89FCC8C2FDDA}.Debug|Any CPU.Build.0 = Debug|Any CPU
		{BBD8C595-168F-4948-A0EC-89FCC8C2FDDA}.Debug|x64.ActiveCfg = Debug|Any CPU
		{BBD8C595-168F-4948-A0EC-89FCC8C2FDDA}.Debug|x64.Build.0 = Debug|Any CPU
		{BBD8C595-168F-4948-A0EC-89FCC8C2FDDA}.Debug|x86.ActiveCfg = Debug|Any CPU
		{BBD8C595-168F-4948-A0EC-89FCC8C2FDDA}.Debug|x86.Build.0 = Debug|Any CPU
		{BBD8C595-168F-4948-A0EC-89FCC8C2FDDA}.Release|Any CPU.ActiveCfg = Release|Any CPU
		{BBD8C595-168F-4948-A0EC-89FCC8C2FDDA}.Release|Any CPU.Build.0 = Release|Any CPU
		{BBD8C595-168F-4948-A0EC-89FCC8C2FDDA}.Release|x64.ActiveCfg = Release|Any CPU
		{BBD8C595-168F-4948-A0EC-89FCC8C2FDDA}.Release|x64.Build.0 = Release|Any CPU
		{BBD8C595-168F-4948-A0EC-89FCC8C2FDDA}.Release|x86.ActiveCfg = Release|Any CPU
		{BBD8C595-168F-4948-A0EC-89FCC8C2FDDA}.Release|x86.Build.0 = Release|Any CPU
		{B9F8735C-8F59-4CC1-828B-928B1D6039BA}.Debug|Any CPU.ActiveCfg = Debug|Any CPU
		{B9F8735C-8F59-4CC1-828B-928B1D6039BA}.Debug|Any CPU.Build.0 = Debug|Any CPU
		{B9F8735C-8F59-4CC1-828B-928B1D6039BA}.Debug|x64.ActiveCfg = Debug|Any CPU
		{B9F8735C-8F59-4CC1-828B-928B1D6039BA}.Debug|x64.Build.0 = Debug|Any CPU
		{B9F8735C-8F59-4CC1-828B-928B1D6039BA}.Debug|x86.ActiveCfg = Debug|Any CPU
		{B9F8735C-8F59-4CC1-828B-928B1D6039BA}.Debug|x86.Build.0 = Debug|Any CPU
		{B9F8735C-8F59-4CC1-828B-928B1D6039BA}.Release|Any CPU.ActiveCfg = Release|Any CPU
		{B9F8735C-8F59-4CC1-828B-928B1D6039BA}.Release|Any CPU.Build.0 = Release|Any CPU
		{B9F8735C-8F59-4CC1-828B-928B1D6039BA}.Release|x64.ActiveCfg = Release|Any CPU
		{B9F8735C-8F59-4CC1-828B-928B1D6039BA}.Release|x64.Build.0 = Release|Any CPU
		{B9F8735C-8F59-4CC1-828B-928B1D6039BA}.Release|x86.ActiveCfg = Release|Any CPU
		{B9F8735C-8F59-4CC1-828B-928B1D6039BA}.Release|x86.Build.0 = Release|Any CPU
		{23054FA8-F9BC-4624-86A9-68AB891C9834}.Debug|Any CPU.ActiveCfg = Debug|Any CPU
		{23054FA8-F9BC-4624-86A9-68AB891C9834}.Debug|Any CPU.Build.0 = Debug|Any CPU
		{23054FA8-F9BC-4624-86A9-68AB891C9834}.Debug|x64.ActiveCfg = Debug|Any CPU
		{23054FA8-F9BC-4624-86A9-68AB891C9834}.Debug|x64.Build.0 = Debug|Any CPU
		{23054FA8-F9BC-4624-86A9-68AB891C9834}.Debug|x86.ActiveCfg = Debug|Any CPU
		{23054FA8-F9BC-4624-86A9-68AB891C9834}.Debug|x86.Build.0 = Debug|Any CPU
		{23054FA8-F9BC-4624-86A9-68AB891C9834}.Release|Any CPU.ActiveCfg = Release|Any CPU
		{23054FA8-F9BC-4624-86A9-68AB891C9834}.Release|Any CPU.Build.0 = Release|Any CPU
		{23054FA8-F9BC-4624-86A9-68AB891C9834}.Release|x64.ActiveCfg = Release|Any CPU
		{23054FA8-F9BC-4624-86A9-68AB891C9834}.Release|x64.Build.0 = Release|Any CPU
		{23054FA8-F9BC-4624-86A9-68AB891C9834}.Release|x86.ActiveCfg = Release|Any CPU
		{23054FA8-F9BC-4624-86A9-68AB891C9834}.Release|x86.Build.0 = Release|Any CPU
		{C4F7B0D8-B727-4268-9586-3726FFE96D7A}.Debug|Any CPU.ActiveCfg = Debug|Any CPU
		{C4F7B0D8-B727-4268-9586-3726FFE96D7A}.Debug|Any CPU.Build.0 = Debug|Any CPU
		{C4F7B0D8-B727-4268-9586-3726FFE96D7A}.Debug|x64.ActiveCfg = Debug|Any CPU
		{C4F7B0D8-B727-4268-9586-3726FFE96D7A}.Debug|x64.Build.0 = Debug|Any CPU
		{C4F7B0D8-B727-4268-9586-3726FFE96D7A}.Debug|x86.ActiveCfg = Debug|Any CPU
		{C4F7B0D8-B727-4268-9586-3726FFE96D7A}.Debug|x86.Build.0 = Debug|Any CPU
		{C4F7B0D8-B727-4268-9586-3726FFE96D7A}.Release|Any CPU.ActiveCfg = Release|Any CPU
		{C4F7B0D8-B727-4268-9586-3726FFE96D7A}.Release|Any CPU.Build.0 = Release|Any CPU
		{C4F7B0D8-B727-4268-9586-3726FFE96D7A}.Release|x64.ActiveCfg = Release|Any CPU
		{C4F7B0D8-B727-4268-9586-3726FFE96D7A}.Release|x64.Build.0 = Release|Any CPU
		{C4F7B0D8-B727-4268-9586-3726FFE96D7A}.Release|x86.ActiveCfg = Release|Any CPU
		{C4F7B0D8-B727-4268-9586-3726FFE96D7A}.Release|x86.Build.0 = Release|Any CPU
	EndGlobalSection
EndGlobal
